{
  "name": "huewizpi",
  "version": "1.0.0",
  "lockfileVersion": 3,
  "requires": true,
  "packages": {
    "": {
      "name": "huewizpi",
      "version": "1.0.0",
      "license": "Apache-2.0",
      "dependencies": {
        "balena-cloud-apps": "^1.1.0"
      },
      "devDependencies": {}
    },
    "node_modules/balena-cloud-apps": {
      "version": "1.1.0",
      "resolved": "https://registry.npmjs.org/balena-cloud-apps/-/balena-cloud-apps-1.1.0.tgz",
      "integrity": "sha512-r6S4COOKQcrDYPR/0ZVB1N2zXGm8zJdm4BtkmwgDJRxiUKmFuVCmafuvzqL/8nKECZFsvoird9EzqaWPYwNYpA==",
      "license": "Apache-2.0",
      "bin": {
        "auto_reboot": "vendor/cni/auto_reboot.sh",
        "balena_deploy": "vendor/cni/balena_deploy.sh",
        "clone_project": "vendor/cni/clone_project.sh",
        "docker_build": "vendor/cni/docker_build.sh",
        "git_fix_issue": "vendor/cni/git_fix_issue.sh",
        "git_fix_issue_close": "vendor/cni/git_fix_issue_close.sh",
        "git_retag": "vendor/cni/git_retag.sh",
        "init_functions": "vendor/cni/init_functions.sh",
        "post_install": "vendor/cni/post_install.sh",
        "update_templates": "vendor/cni/update_templates.sh"
      }
    }
  }
}
