# THIS IS AN AUTOGENERATED FILE. DO NOT EDIT THIS FILE DIRECTLY.
# yarn lockfile v1


balena-cloud-apps@^1.1.0:
  version "1.1.0"
  resolved "https://registry.yarnpkg.com/balena-cloud-apps/-/balena-cloud-apps-1.1.0.tgz#208d5f0bd738ef944aad6e31db06093ea9d530d0"
  integrity sha512-r6S4COOKQcrDYPR/0ZVB1N2zXGm8zJdm4BtkmwgDJRxiUKmFuVCmafuvzqL/8nKECZFsvoird9EzqaWPYwNYpA==
